
Microsoft Visual Studio Solution File, Format Version 12.00
# Visual Studio 15
VisualStudioVersion = 15.0.26430.16
MinimumVisualStudioVersion = 10.0.40219.1
Project("{FAE04EC0-301F-11D3-BF4B-00C04F79EFBC}") = "ConsumersTest", "ConsumersTest\ConsumersTest.csproj", "{B25A47B8-4DC9-483E-8AB7-8E60548C8236}"
EndProject
Project("{FAE04EC0-301F-11D3-BF4B-00C04F79EFBC}") = "ConsumersTest.Services", "ConsumersTest.Services\ConsumersTest.Services.csproj", "{2FA55D15-9146-4561-AF21-44C2129CB59B}"
EndProject
Project("{FAE04EC0-301F-11D3-BF4B-00C04F79EFBC}") = "ConsumersTest.Wcf", "ConsumersTest.Wcf.Contracts\ConsumersTest.Wcf.csproj", "{F6DDEEF3-D55E-407D-8E60-4E63FB10BBCE}"
EndProject
Project("{FAE04EC0-301F-11D3-BF4B-00C04F79EFBC}") = "ConsumersTest.DataAccess", "ConsumersTest.DataAccess\ConsumersTest.DataAccess.csproj", "{99B052BC-B361-4A89-ACD6-9A896A95ADD9}"
EndProject
Global
	GlobalSection(SolutionConfigurationPlatforms) = preSolution
		Debug|Any CPU = Debug|Any CPU
		Release|Any CPU = Release|Any CPU
	EndGlobalSection
	GlobalSection(ProjectConfigurationPlatforms) = postSolution
		{B25A47B8-4DC9-483E-8AB7-8E60548C8236}.Debug|Any CPU.ActiveCfg = Debug|Any CPU
		{B25A47B8-4DC9-483E-8AB7-8E60548C8236}.Debug|Any CPU.Build.0 = Debug|Any CPU
		{B25A47B8-4DC9-483E-8AB7-8E60548C8236}.Release|Any CPU.ActiveCfg = Release|Any CPU
		{B25A47B8-4DC9-483E-8AB7-8E60548C8236}.Release|Any CPU.Build.0 = Release|Any CPU
		{2FA55D15-9146-4561-AF21-44C2129CB59B}.Debug|Any CPU.ActiveCfg = Debug|Any CPU
		{2FA55D15-9146-4561-AF21-44C2129CB59B}.Debug|Any CPU.Build.0 = Debug|Any CPU
		{2FA55D15-9146-4561-AF21-44C2129CB59B}.Release|Any CPU.ActiveCfg = Release|Any CPU
		{2FA55D15-9146-4561-AF21-44C2129CB59B}.Release|Any CPU.Build.0 = Release|Any CPU
		{F6DDEEF3-D55E-407D-8E60-4E63FB10BBCE}.Debug|Any CPU.ActiveCfg = Debug|Any CPU
		{F6DDEEF3-D55E-407D-8E60-4E63FB10BBCE}.Debug|Any CPU.Build.0 = Debug|Any CPU
		{F6DDEEF3-D55E-407D-8E60-4E63FB10BBCE}.Release|Any CPU.ActiveCfg = Release|Any CPU
		{F6DDEEF3-D55E-407D-8E60-4E63FB10BBCE}.Release|Any CPU.Build.0 = Release|Any CPU
		{99B052BC-B361-4A89-ACD6-9A896A95ADD9}.Debug|Any CPU.ActiveCfg = Debug|Any CPU
		{99B052BC-B361-4A89-ACD6-9A896A95ADD9}.Debug|Any CPU.Build.0 = Debug|Any CPU
		{99B052BC-B361-4A89-ACD6-9A896A95ADD9}.Release|Any CPU.ActiveCfg = Release|Any CPU
		{99B052BC-B361-4A89-ACD6-9A896A95ADD9}.Release|Any CPU.Build.0 = Release|Any CPU
	EndGlobalSection
	GlobalSection(SolutionProperties) = preSolution
		HideSolutionNode = FALSE
	EndGlobalSection
EndGlobal
